// !$*UTF8*$!
{
	archiveVersion = 1;
	classes = {
	};
	objectVersion = 45;
	objects = {

/* Begin PBXBuildFile section */
		0018D4A81221875E00244DE1 /* NSObject+SBJSON.m in Sources */ = {isa = PBXBuildFile; fileRef = 0018D49D1221875E00244DE1 /* NSObject+SBJSON.m */; };
		0018D4A91221875E00244DE1 /* NSString+SBJSON.m in Sources */ = {isa = PBXBuildFile; fileRef = 0018D49F1221875E00244DE1 /* NSString+SBJSON.m */; };
		0018D4AA1221875E00244DE1 /* SBJSON.m in Sources */ = {isa = PBXBuildFile; fileRef = 0018D4A11221875E00244DE1 /* SBJSON.m */; };
		0018D4AB1221875E00244DE1 /* SBJsonBase.m in Sources */ = {isa = PBXBuildFile; fileRef = 0018D4A31221875E00244DE1 /* SBJsonBase.m */; };
		0018D4AC1221875E00244DE1 /* SBJsonParser.m in Sources */ = {isa = PBXBuildFile; fileRef = 0018D4A51221875E00244DE1 /* SBJsonParser.m */; };
		0018D4AD1221875E00244DE1 /* SBJsonWriter.m in Sources */ = {isa = PBXBuildFile; fileRef = 0018D4A71221875E00244DE1 /* SBJsonWriter.m */; };
		0018D4B1122187AD00244DE1 /* TagBackground.png in Resources */ = {isa = PBXBuildFile; fileRef = 0018D4B0122187AD00244DE1 /* TagBackground.png */; };
		0018D4EE12218C1B00244DE1 /* TagStripView.m in Sources */ = {isa = PBXBuildFile; fileRef = 0018D4EB12218C1B00244DE1 /* TagStripView.m */; };
		0018D4EF12218C1B00244DE1 /* TagView.m in Sources */ = {isa = PBXBuildFile; fileRef = 0018D4ED12218C1B00244DE1 /* TagView.m */; };
		0049EE621220842E00698B53 /* Recipient.m in Sources */ = {isa = PBXBuildFile; fileRef = 0049EE611220842E00698B53 /* Recipient.m */; };
		0049EE7A12208C0200698B53 /* CoreLocation.framework in Frameworks */ = {isa = PBXBuildFile; fileRef = 0049EE7912208C0200698B53 /* CoreLocation.framework */; };
		0049EE7C12208C0200698B53 /* MapKit.framework in Frameworks */ = {isa = PBXBuildFile; fileRef = 0049EE7B12208C0200698B53 /* MapKit.framework */; };
		00971025122073BF00E17DB3 /* LocationViewController.xib in Resources */ = {isa = PBXBuildFile; fileRef = 00BFAAF312206C1100785944 /* LocationViewController.xib */; };
		00BE2D09122077B600F3CBA0 /* SettingsViewController.m in Sources */ = {isa = PBXBuildFile; fileRef = 00BE2D07122077B600F3CBA0 /* SettingsViewController.m */; };
		00BE2D0A122077B600F3CBA0 /* SettingsViewController.xib in Resources */ = {isa = PBXBuildFile; fileRef = 00BE2D08122077B600F3CBA0 /* SettingsViewController.xib */; };
		00BFA9C012203DDB00785944 /* TickerViewController.m in Sources */ = {isa = PBXBuildFile; fileRef = 00BFA9BF12203DDB00785944 /* TickerViewController.m */; };
		00BFA9C312203E1900785944 /* TagsViewController.m in Sources */ = {isa = PBXBuildFile; fileRef = 00BFA9C212203E1900785944 /* TagsViewController.m */; };
		00BFA9C612203E3300785944 /* MapViewController.m in Sources */ = {isa = PBXBuildFile; fileRef = 00BFA9C512203E3300785944 /* MapViewController.m */; };
		00BFA9C912203E4800785944 /* ListViewController.m in Sources */ = {isa = PBXBuildFile; fileRef = 00BFA9C812203E4800785944 /* ListViewController.m */; };
		00BFAAF412206C1100785944 /* LocationViewController.m in Sources */ = {isa = PBXBuildFile; fileRef = 00BFAAF212206C1100785944 /* LocationViewController.m */; };
		00EEE5F612208C9300F722F7 /* AnnotationListObject.m in Sources */ = {isa = PBXBuildFile; fileRef = 00EEE5F112208C9300F722F7 /* AnnotationListObject.m */; };
		00EEE5F712208C9300F722F7 /* AwardData.m in Sources */ = {isa = PBXBuildFile; fileRef = 00EEE5F312208C9300F722F7 /* AwardData.m */; };
		00EEE5F812208C9300F722F7 /* CurrentLoc.m in Sources */ = {isa = PBXBuildFile; fileRef = 00EEE5F512208C9300F722F7 /* CurrentLoc.m */; };
		00EEE5FC12208D1000F722F7 /* MapViewController.xib in Resources */ = {isa = PBXBuildFile; fileRef = 00EEE5FB12208D1000F722F7 /* MapViewController.xib */; };
		1D3623260D0F684500981E51 /* iRecoveryWatchAppDelegate.m in Sources */ = {isa = PBXBuildFile; fileRef = 1D3623250D0F684500981E51 /* iRecoveryWatchAppDelegate.m */; };
		1D60589B0D05DD56006BFB54 /* main.m in Sources */ = {isa = PBXBuildFile; fileRef = 29B97316FDCFA39411CA2CEA /* main.m */; };
		1D60589F0D05DD5A006BFB54 /* Foundation.framework in Frameworks */ = {isa = PBXBuildFile; fileRef = 1D30AB110D05D00D00671497 /* Foundation.framework */; };
		1DF5F4E00D08C38300B7A737 /* UIKit.framework in Frameworks */ = {isa = PBXBuildFile; fileRef = 1DF5F4DF0D08C38300B7A737 /* UIKit.framework */; };
		288765A50DF7441C002DB57D /* CoreGraphics.framework in Frameworks */ = {isa = PBXBuildFile; fileRef = 288765A40DF7441C002DB57D /* CoreGraphics.framework */; };
		28AD733F0D9D9553002E5188 /* MainWindow.xib in Resources */ = {isa = PBXBuildFile; fileRef = 28AD733E0D9D9553002E5188 /* MainWindow.xib */; };
		4E1DFBE01220C69E000EE50E /* DetailViewCompanyController.m in Sources */ = {isa = PBXBuildFile; fileRef = 4E1DFBDE1220C69E000EE50E /* DetailViewCompanyController.m */; };
		4E1DFBE11220C69E000EE50E /* DetailViewCompanyController.xib in Resources */ = {isa = PBXBuildFile; fileRef = 4E1DFBDF1220C69E000EE50E /* DetailViewCompanyController.xib */; };
		4E1DFC291220CD7D000EE50E /* agency.png in Resources */ = {isa = PBXBuildFile; fileRef = 4E1DFC281220CD7D000EE50E /* agency.png */; };
		4E1DFD1C1220E564000EE50E /* agencies.plist in Resources */ = {isa = PBXBuildFile; fileRef = 4E1DFD1B1220E564000EE50E /* agencies.plist */; };
		4E70D43A1221924E009DBBC8 /* Default.png in Resources */ = {isa = PBXBuildFile; fileRef = 4E70D4391221924E009DBBC8 /* Default.png */; };
		4E71301E12209C19000B44E5 /* OverlayListObjects.m in Sources */ = {isa = PBXBuildFile; fileRef = 4E71301D12209C19000B44E5 /* OverlayListObjects.m */; };
/* End PBXBuildFile section */

/* Begin PBXFileReference section */
		0018D49B1221875E00244DE1 /* JSON.h */ = {isa = PBXFileReference; fileEncoding = 4; lastKnownFileType = sourcecode.c.h; path = JSON.h; sourceTree = "<group>"; };
		0018D49C1221875E00244DE1 /* NSObject+SBJSON.h */ = {isa = PBXFileReference; fileEncoding = 4; lastKnownFileType = sourcecode.c.h; path = "NSObject+SBJSON.h"; sourceTree = "<group>"; };
		0018D49D1221875E00244DE1 /* NSObject+SBJSON.m */ = {isa = PBXFileReference; fileEncoding = 4; lastKnownFileType = sourcecode.c.objc; path = "NSObject+SBJSON.m"; sourceTree = "<group>"; };
		0018D49E1221875E00244DE1 /* NSString+SBJSON.h */ = {isa = PBXFileReference; fileEncoding = 4; lastKnownFileType = sourcecode.c.h; path = "NSString+SBJSON.h"; sourceTree = "<group>"; };
		0018D49F1221875E00244DE1 /* NSString+SBJSON.m */ = {isa = PBXFileReference; fileEncoding = 4; lastKnownFileType = sourcecode.c.objc; path = "NSString+SBJSON.m"; sourceTree = "<group>"; };
		0018D4A01221875E00244DE1 /* SBJSON.h */ = {isa = PBXFileReference; fileEncoding = 4; lastKnownFileType = sourcecode.c.h; path = SBJSON.h; sourceTree = "<group>"; };
		0018D4A11221875E00244DE1 /* SBJSON.m */ = {isa = PBXFileReference; fileEncoding = 4; lastKnownFileType = sourcecode.c.objc; path = SBJSON.m; sourceTree = "<group>"; };
		0018D4A21221875E00244DE1 /* SBJsonBase.h */ = {isa = PBXFileReference; fileEncoding = 4; lastKnownFileType = sourcecode.c.h; path = SBJsonBase.h; sourceTree = "<group>"; };
		0018D4A31221875E00244DE1 /* SBJsonBase.m */ = {isa = PBXFileReference; fileEncoding = 4; lastKnownFileType = sourcecode.c.objc; path = SBJsonBase.m; sourceTree = "<group>"; };
		0018D4A41221875E00244DE1 /* SBJsonParser.h */ = {isa = PBXFileReference; fileEncoding = 4; lastKnownFileType = sourcecode.c.h; path = SBJsonParser.h; sourceTree = "<group>"; };
		0018D4A51221875E00244DE1 /* SBJsonParser.m */ = {isa = PBXFileReference; fileEncoding = 4; lastKnownFileType = sourcecode.c.objc; path = SBJsonParser.m; sourceTree = "<group>"; };
		0018D4A61221875E00244DE1 /* SBJsonWriter.h */ = {isa = PBXFileReference; fileEncoding = 4; lastKnownFileType = sourcecode.c.h; path = SBJsonWriter.h; sourceTree = "<group>"; };
		0018D4A71221875E00244DE1 /* SBJsonWriter.m */ = {isa = PBXFileReference; fileEncoding = 4; lastKnownFileType = sourcecode.c.objc; path = SBJsonWriter.m; sourceTree = "<group>"; };
		0018D4B0122187AD00244DE1 /* TagBackground.png */ = {isa = PBXFileReference; lastKnownFileType = image.png; name = TagBackground.png; path = ../../irecoverywatch/iPhone/Resources/TagBackground.png; sourceTree = SOURCE_ROOT; };
		0018D4EA12218C1B00244DE1 /* TagStripView.h */ = {isa = PBXFileReference; fileEncoding = 4; lastKnownFileType = sourcecode.c.h; path = TagStripView.h; sourceTree = "<group>"; };
		0018D4EB12218C1B00244DE1 /* TagStripView.m */ = {isa = PBXFileReference; fileEncoding = 4; lastKnownFileType = sourcecode.c.objc; path = TagStripView.m; sourceTree = "<group>"; };
		0018D4EC12218C1B00244DE1 /* TagView.h */ = {isa = PBXFileReference; fileEncoding = 4; lastKnownFileType = sourcecode.c.h; path = TagView.h; sourceTree = "<group>"; };
		0018D4ED12218C1B00244DE1 /* TagView.m */ = {isa = PBXFileReference; fileEncoding = 4; lastKnownFileType = sourcecode.c.objc; path = TagView.m; sourceTree = "<group>"; };
		0049EE601220842E00698B53 /* Recipient.h */ = {isa = PBXFileReference; fileEncoding = 4; lastKnownFileType = sourcecode.c.h; path = Recipient.h; sourceTree = "<group>"; };
		0049EE611220842E00698B53 /* Recipient.m */ = {isa = PBXFileReference; fileEncoding = 4; lastKnownFileType = sourcecode.c.objc; path = Recipient.m; sourceTree = "<group>"; };
		0049EE7912208C0200698B53 /* CoreLocation.framework */ = {isa = PBXFileReference; lastKnownFileType = wrapper.framework; name = CoreLocation.framework; path = System/Library/Frameworks/CoreLocation.framework; sourceTree = SDKROOT; };
		0049EE7B12208C0200698B53 /* MapKit.framework */ = {isa = PBXFileReference; lastKnownFileType = wrapper.framework; name = MapKit.framework; path = System/Library/Frameworks/MapKit.framework; sourceTree = SDKROOT; };
		00BE2D06122077B600F3CBA0 /* SettingsViewController.h */ = {isa = PBXFileReference; fileEncoding = 4; lastKnownFileType = sourcecode.c.h; path = SettingsViewController.h; sourceTree = "<group>"; };
		00BE2D07122077B600F3CBA0 /* SettingsViewController.m */ = {isa = PBXFileReference; fileEncoding = 4; lastKnownFileType = sourcecode.c.objc; path = SettingsViewController.m; sourceTree = "<group>"; };
		00BE2D08122077B600F3CBA0 /* SettingsViewController.xib */ = {isa = PBXFileReference; lastKnownFileType = file.xib; path = SettingsViewController.xib; sourceTree = "<group>"; };
		00BFA9BE12203DDA00785944 /* TickerViewController.h */ = {isa = PBXFileReference; fileEncoding = 4; lastKnownFileType = sourcecode.c.h; path = TickerViewController.h; sourceTree = "<group>"; };
		00BFA9BF12203DDB00785944 /* TickerViewController.m */ = {isa = PBXFileReference; fileEncoding = 4; lastKnownFileType = sourcecode.c.objc; path = TickerViewController.m; sourceTree = "<group>"; };
		00BFA9C112203E1900785944 /* TagsViewController.h */ = {isa = PBXFileReference; fileEncoding = 4; lastKnownFileType = sourcecode.c.h; path = TagsViewController.h; sourceTree = "<group>"; };
		00BFA9C212203E1900785944 /* TagsViewController.m */ = {isa = PBXFileReference; fileEncoding = 4; lastKnownFileType = sourcecode.c.objc; path = TagsViewController.m; sourceTree = "<group>"; };
		00BFA9C412203E3300785944 /* MapViewController.h */ = {isa = PBXFileReference; fileEncoding = 4; lastKnownFileType = sourcecode.c.h; path = MapViewController.h; sourceTree = "<group>"; };
		00BFA9C512203E3300785944 /* MapViewController.m */ = {isa = PBXFileReference; fileEncoding = 4; lastKnownFileType = sourcecode.c.objc; path = MapViewController.m; sourceTree = "<group>"; };
		00BFA9C712203E4800785944 /* ListViewController.h */ = {isa = PBXFileReference; fileEncoding = 4; lastKnownFileType = sourcecode.c.h; path = ListViewController.h; sourceTree = "<group>"; };
		00BFA9C812203E4800785944 /* ListViewController.m */ = {isa = PBXFileReference; fileEncoding = 4; lastKnownFileType = sourcecode.c.objc; path = ListViewController.m; sourceTree = "<group>"; };
		00BFAAF112206C1100785944 /* LocationViewController.h */ = {isa = PBXFileReference; fileEncoding = 4; lastKnownFileType = sourcecode.c.h; path = LocationViewController.h; sourceTree = "<group>"; };
		00BFAAF212206C1100785944 /* LocationViewController.m */ = {isa = PBXFileReference; fileEncoding = 4; lastKnownFileType = sourcecode.c.objc; path = LocationViewController.m; sourceTree = "<group>"; };
		00BFAAF312206C1100785944 /* LocationViewController.xib */ = {isa = PBXFileReference; lastKnownFileType = file.xib; path = LocationViewController.xib; sourceTree = "<group>"; };
		00EEE5F012208C9300F722F7 /* AnnotationListObject.h */ = {isa = PBXFileReference; fileEncoding = 4; lastKnownFileType = sourcecode.c.h; path = AnnotationListObject.h; sourceTree = "<group>"; };
		00EEE5F112208C9300F722F7 /* AnnotationListObject.m */ = {isa = PBXFileReference; fileEncoding = 4; lastKnownFileType = sourcecode.c.objc; path = AnnotationListObject.m; sourceTree = "<group>"; };
		00EEE5F212208C9300F722F7 /* AwardData.h */ = {isa = PBXFileReference; fileEncoding = 4; lastKnownFileType = sourcecode.c.h; path = AwardData.h; sourceTree = "<group>"; };
		00EEE5F312208C9300F722F7 /* AwardData.m */ = {isa = PBXFileReference; fileEncoding = 4; lastKnownFileType = sourcecode.c.objc; path = AwardData.m; sourceTree = "<group>"; };
		00EEE5F412208C9300F722F7 /* CurrentLoc.h */ = {isa = PBXFileReference; fileEncoding = 4; lastKnownFileType = sourcecode.c.h; path = CurrentLoc.h; sourceTree = "<group>"; };
		00EEE5F512208C9300F722F7 /* CurrentLoc.m */ = {isa = PBXFileReference; fileEncoding = 4; lastKnownFileType = sourcecode.c.objc; path = CurrentLoc.m; sourceTree = "<group>"; };
		00EEE5FB12208D1000F722F7 /* MapViewController.xib */ = {isa = PBXFileReference; lastKnownFileType = file.xib; path = MapViewController.xib; sourceTree = "<group>"; };
		1D30AB110D05D00D00671497 /* Foundation.framework */ = {isa = PBXFileReference; lastKnownFileType = wrapper.framework; name = Foundation.framework; path = System/Library/Frameworks/Foundation.framework; sourceTree = SDKROOT; };
		1D3623240D0F684500981E51 /* iRecoveryWatchAppDelegate.h */ = {isa = PBXFileReference; fileEncoding = 4; lastKnownFileType = sourcecode.c.h; path = iRecoveryWatchAppDelegate.h; sourceTree = "<group>"; };
		1D3623250D0F684500981E51 /* iRecoveryWatchAppDelegate.m */ = {isa = PBXFileReference; fileEncoding = 4; lastKnownFileType = sourcecode.c.objc; path = iRecoveryWatchAppDelegate.m; sourceTree = "<group>"; };
		1D6058910D05DD3D006BFB54 /* iRecoveryWatch.app */ = {isa = PBXFileReference; explicitFileType = wrapper.application; includeInIndex = 0; path = iRecoveryWatch.app; sourceTree = BUILT_PRODUCTS_DIR; };
		1DF5F4DF0D08C38300B7A737 /* UIKit.framework */ = {isa = PBXFileReference; lastKnownFileType = wrapper.framework; name = UIKit.framework; path = System/Library/Frameworks/UIKit.framework; sourceTree = SDKROOT; };
		288765A40DF7441C002DB57D /* CoreGraphics.framework */ = {isa = PBXFileReference; lastKnownFileType = wrapper.framework; name = CoreGraphics.framework; path = System/Library/Frameworks/CoreGraphics.framework; sourceTree = SDKROOT; };
		28AD733E0D9D9553002E5188 /* MainWindow.xib */ = {isa = PBXFileReference; lastKnownFileType = file.xib; path = MainWindow.xib; sourceTree = "<group>"; };
		29B97316FDCFA39411CA2CEA /* main.m */ = {isa = PBXFileReference; fileEncoding = 4; lastKnownFileType = sourcecode.c.objc; path = main.m; sourceTree = "<group>"; };
		32CA4F630368D1EE00C91783 /* iRecoveryWatch_Prefix.pch */ = {isa = PBXFileReference; fileEncoding = 4; lastKnownFileType = sourcecode.c.h; path = iRecoveryWatch_Prefix.pch; sourceTree = "<group>"; };
		4E1DFBDD1220C69E000EE50E /* DetailViewCompanyController.h */ = {isa = PBXFileReference; fileEncoding = 4; lastKnownFileType = sourcecode.c.h; path = DetailViewCompanyController.h; sourceTree = "<group>"; };
		4E1DFBDE1220C69E000EE50E /* DetailViewCompanyController.m */ = {isa = PBXFileReference; fileEncoding = 4; lastKnownFileType = sourcecode.c.objc; path = DetailViewCompanyController.m; sourceTree = "<group>"; };
		4E1DFBDF1220C69E000EE50E /* DetailViewCompanyController.xib */ = {isa = PBXFileReference; lastKnownFileType = file.xib; name = DetailViewCompanyController.xib; path = Classes/DetailViewCompanyController.xib; sourceTree = "<group>"; };
		4E1DFC281220CD7D000EE50E /* agency.png */ = {isa = PBXFileReference; lastKnownFileType = image.png; path = agency.png; sourceTree = "<group>"; };
		4E1DFD1B1220E564000EE50E /* agencies.plist */ = {isa = PBXFileReference; fileEncoding = 4; lastKnownFileType = text.plist.xml; path = agencies.plist; sourceTree = "<group>"; };
		4E70D4391221924E009DBBC8 /* Default.png */ = {isa = PBXFileReference; lastKnownFileType = image.png; path = Default.png; sourceTree = "<group>"; };
		4E71301C12209C19000B44E5 /* OverlayListObjects.h */ = {isa = PBXFileReference; fileEncoding = 4; lastKnownFileType = sourcecode.c.h; path = OverlayListObjects.h; sourceTree = "<group>"; };
		4E71301D12209C19000B44E5 /* OverlayListObjects.m */ = {isa = PBXFileReference; fileEncoding = 4; lastKnownFileType = sourcecode.c.objc; path = OverlayListObjects.m; sourceTree = "<group>"; };
		8D1107310486CEB800E47090 /* iRecoveryWatch-Info.plist */ = {isa = PBXFileReference; fileEncoding = 4; lastKnownFileType = text.plist.xml; path = "iRecoveryWatch-Info.plist"; plistStructureDefinitionIdentifier = "com.apple.xcode.plist.structure-definition.iphone.info-plist"; sourceTree = "<group>"; };
/* End PBXFileReference section */

/* Begin PBXFrameworksBuildPhase section */
		1D60588F0D05DD3D006BFB54 /* Frameworks */ = {
			isa = PBXFrameworksBuildPhase;
			buildActionMask = 2147483647;
			files = (
				1D60589F0D05DD5A006BFB54 /* Foundation.framework in Frameworks */,
				1DF5F4E00D08C38300B7A737 /* UIKit.framework in Frameworks */,
				288765A50DF7441C002DB57D /* CoreGraphics.framework in Frameworks */,
				0049EE7A12208C0200698B53 /* CoreLocation.framework in Frameworks */,
				0049EE7C12208C0200698B53 /* MapKit.framework in Frameworks */,
			);
			runOnlyForDeploymentPostprocessing = 0;
		};
/* End PBXFrameworksBuildPhase section */

/* Begin PBXGroup section */
		0018D49A1221875E00244DE1 /* JSON */ = {
			isa = PBXGroup;
			children = (
				0018D49B1221875E00244DE1 /* JSON.h */,
				0018D49C1221875E00244DE1 /* NSObject+SBJSON.h */,
				0018D49D1221875E00244DE1 /* NSObject+SBJSON.m */,
				0018D49E1221875E00244DE1 /* NSString+SBJSON.h */,
				0018D49F1221875E00244DE1 /* NSString+SBJSON.m */,
				0018D4A01221875E00244DE1 /* SBJSON.h */,
				0018D4A11221875E00244DE1 /* SBJSON.m */,
				0018D4A21221875E00244DE1 /* SBJsonBase.h */,
				0018D4A31221875E00244DE1 /* SBJsonBase.m */,
				0018D4A41221875E00244DE1 /* SBJsonParser.h */,
				0018D4A51221875E00244DE1 /* SBJsonParser.m */,
				0018D4A61221875E00244DE1 /* SBJsonWriter.h */,
				0018D4A71221875E00244DE1 /* SBJsonWriter.m */,
			);
			name = JSON;
			path = ../../irecoverywatch/iPhone/Classes/JSON;
			sourceTree = SOURCE_ROOT;
		};
		0049EE5E1220819700698B53 /* Model */ = {
			isa = PBXGroup;
			children = (
				0049EE601220842E00698B53 /* Recipient.h */,
				0049EE611220842E00698B53 /* Recipient.m */,
			);
			name = Model;
			sourceTree = "<group>";
		};
		00BFAA7C1220543000785944 /* Ticker */ = {
			isa = PBXGroup;
			children = (
				00BFA9BE12203DDA00785944 /* TickerViewController.h */,
				00BFA9BF12203DDB00785944 /* TickerViewController.m */,
			);
			name = Ticker;
			sourceTree = "<group>";
		};
		00BFAA7D1220546B00785944 /* Map */ = {
			isa = PBXGroup;
			children = (
				00EEE5F012208C9300F722F7 /* AnnotationListObject.h */,
				00EEE5F112208C9300F722F7 /* AnnotationListObject.m */,
				00EEE5F212208C9300F722F7 /* AwardData.h */,
				00EEE5F312208C9300F722F7 /* AwardData.m */,
				00EEE5F412208C9300F722F7 /* CurrentLoc.h */,
				00EEE5F512208C9300F722F7 /* CurrentLoc.m */,
				00BFA9C412203E3300785944 /* MapViewController.h */,
				00BFA9C512203E3300785944 /* MapViewController.m */,
				4E71301C12209C19000B44E5 /* OverlayListObjects.h */,
				4E71301D12209C19000B44E5 /* OverlayListObjects.m */,
				4E1DFBDD1220C69E000EE50E /* DetailViewCompanyController.h */,
				4E1DFBDE1220C69E000EE50E /* DetailViewCompanyController.m */,
			);
			name = Map;
			sourceTree = "<group>";
		};
		00BFAA7E1220547700785944 /* Tags */ = {
			isa = PBXGroup;
			children = (
				0018D4EA12218C1B00244DE1 /* TagStripView.h */,
				0018D4EB12218C1B00244DE1 /* TagStripView.m */,
				0018D4EC12218C1B00244DE1 /* TagView.h */,
				0018D4ED12218C1B00244DE1 /* TagView.m */,
				00BFA9C112203E1900785944 /* TagsViewController.h */,
				00BFA9C212203E1900785944 /* TagsViewController.m */,
			);
			name = Tags;
			sourceTree = "<group>";
		};
		00BFAA7F1220547E00785944 /* List */ = {
			isa = PBXGroup;
			children = (
				00BFA9C712203E4800785944 /* ListViewController.h */,
				00BFA9C812203E4800785944 /* ListViewController.m */,
			);
			name = List;
			sourceTree = "<group>";
		};
		00BFAA801220548800785944 /* delegate */ = {
			isa = PBXGroup;
			children = (
				1D3623240D0F684500981E51 /* iRecoveryWatchAppDelegate.h */,
				1D3623250D0F684500981E51 /* iRecoveryWatchAppDelegate.m */,
			);
			name = delegate;
			sourceTree = "<group>";
		};
		00BFAAA612205B8600785944 /* Settings */ = {
			isa = PBXGroup;
			children = (
				00BFAAF112206C1100785944 /* LocationViewController.h */,
				00BFAAF212206C1100785944 /* LocationViewController.m */,
				00BFAAF312206C1100785944 /* LocationViewController.xib */,
				00BE2D06122077B600F3CBA0 /* SettingsViewController.h */,
				00BE2D07122077B600F3CBA0 /* SettingsViewController.m */,
				00BE2D08122077B600F3CBA0 /* SettingsViewController.xib */,
			);
			name = Settings;
			sourceTree = "<group>";
		};
		080E96DDFE201D6D7F000001 /* Classes */ = {
			isa = PBXGroup;
			children = (
				0018D49A1221875E00244DE1 /* JSON */,
				0049EE5E1220819700698B53 /* Model */,
				00BFAA801220548800785944 /* delegate */,
				00BFAAA612205B8600785944 /* Settings */,
				00BFAA7F1220547E00785944 /* List */,
				00BFAA7E1220547700785944 /* Tags */,
				00BFAA7D1220546B00785944 /* Map */,
				00BFAA7C1220543000785944 /* Ticker */,
			);
			path = Classes;
			sourceTree = "<group>";
		};
		19C28FACFE9D520D11CA2CBB /* Products */ = {
			isa = PBXGroup;
			children = (
				1D6058910D05DD3D006BFB54 /* iRecoveryWatch.app */,
			);
			name = Products;
			sourceTree = "<group>";
		};
		29B97314FDCFA39411CA2CEA /* CustomTemplate */ = {
			isa = PBXGroup;
			children = (
				080E96DDFE201D6D7F000001 /* Classes */,
				29B97315FDCFA39411CA2CEA /* Other Sources */,
				29B97317FDCFA39411CA2CEA /* Resources */,
				29B97323FDCFA39411CA2CEA /* Frameworks */,
				19C28FACFE9D520D11CA2CBB /* Products */,
			);
			name = CustomTemplate;
			sourceTree = "<group>";
		};
		29B97315FDCFA39411CA2CEA /* Other Sources */ = {
			isa = PBXGroup;
			children = (
				32CA4F630368D1EE00C91783 /* iRecoveryWatch_Prefix.pch */,
				29B97316FDCFA39411CA2CEA /* main.m */,
			);
			name = "Other Sources";
			sourceTree = "<group>";
		};
		29B97317FDCFA39411CA2CEA /* Resources */ = {
			isa = PBXGroup;
			children = (
				4E70D4391221924E009DBBC8 /* Default.png */,
				0018D4B0122187AD00244DE1 /* TagBackground.png */,
				4E1DFD1B1220E564000EE50E /* agencies.plist */,
				4E1DFC281220CD7D000EE50E /* agency.png */,
				4E1DFBDF1220C69E000EE50E /* DetailViewCompanyController.xib */,
				00EEE5FB12208D1000F722F7 /* MapViewController.xib */,
				28AD733E0D9D9553002E5188 /* MainWindow.xib */,
				8D1107310486CEB800E47090 /* iRecoveryWatch-Info.plist */,
			);
			name = Resources;
			sourceTree = "<group>";
		};
		29B97323FDCFA39411CA2CEA /* Frameworks */ = {
			isa = PBXGroup;
			children = (
				1DF5F4DF0D08C38300B7A737 /* UIKit.framework */,
				1D30AB110D05D00D00671497 /* Foundation.framework */,
				288765A40DF7441C002DB57D /* CoreGraphics.framework */,
				0049EE7912208C0200698B53 /* CoreLocation.framework */,
				0049EE7B12208C0200698B53 /* MapKit.framework */,
			);
			name = Frameworks;
			sourceTree = "<group>";
		};
/* End PBXGroup section */

/* Begin PBXNativeTarget section */
		1D6058900D05DD3D006BFB54 /* iRecoveryWatch */ = {
			isa = PBXNativeTarget;
			buildConfigurationList = 1D6058960D05DD3E006BFB54 /* Build configuration list for PBXNativeTarget "iRecoveryWatch" */;
			buildPhases = (
				1D60588D0D05DD3D006BFB54 /* Resources */,
				1D60588E0D05DD3D006BFB54 /* Sources */,
				1D60588F0D05DD3D006BFB54 /* Frameworks */,
			);
			buildRules = (
			);
			dependencies = (
			);
			name = iRecoveryWatch;
			productName = iRecoveryWatch;
			productReference = 1D6058910D05DD3D006BFB54 /* iRecoveryWatch.app */;
			productType = "com.apple.product-type.application";
		};
/* End PBXNativeTarget section */

/* Begin PBXProject section */
		29B97313FDCFA39411CA2CEA /* Project object */ = {
			isa = PBXProject;
			buildConfigurationList = C01FCF4E08A954540054247B /* Build configuration list for PBXProject "iRecoveryWatch" */;
			compatibilityVersion = "Xcode 3.1";
			hasScannedForEncodings = 1;
			mainGroup = 29B97314FDCFA39411CA2CEA /* CustomTemplate */;
			projectDirPath = "";
			projectRoot = "";
			targets = (
				1D6058900D05DD3D006BFB54 /* iRecoveryWatch */,
			);
		};
/* End PBXProject section */

/* Begin PBXResourcesBuildPhase section */
		1D60588D0D05DD3D006BFB54 /* Resources */ = {
			isa = PBXResourcesBuildPhase;
			buildActionMask = 2147483647;
			files = (
				28AD733F0D9D9553002E5188 /* MainWindow.xib in Resources */,
				00971025122073BF00E17DB3 /* LocationViewController.xib in Resources */,
				00BE2D0A122077B600F3CBA0 /* SettingsViewController.xib in Resources */,
				00EEE5FC12208D1000F722F7 /* MapViewController.xib in Resources */,
				4E1DFBE11220C69E000EE50E /* DetailViewCompanyController.xib in Resources */,
				4E1DFC291220CD7D000EE50E /* agency.png in Resources */,
				4E1DFD1C1220E564000EE50E /* agencies.plist in Resources */,
				0018D4B1122187AD00244DE1 /* TagBackground.png in Resources */,
				4E70D43A1221924E009DBBC8 /* Default.png in Resources */,
			);
			runOnlyForDeploymentPostprocessing = 0;
		};
/* End PBXResourcesBuildPhase section */

/* Begin PBXSourcesBuildPhase section */
		1D60588E0D05DD3D006BFB54 /* Sources */ = {
			isa = PBXSourcesBuildPhase;
			buildActionMask = 2147483647;
			files = (
				1D60589B0D05DD56006BFB54 /* main.m in Sources */,
				1D3623260D0F684500981E51 /* iRecoveryWatchAppDelegate.m in Sources */,
				00BFA9C012203DDB00785944 /* TickerViewController.m in Sources */,
				00BFA9C312203E1900785944 /* TagsViewController.m in Sources */,
				00BFA9C612203E3300785944 /* MapViewController.m in Sources */,
				00BFA9C912203E4800785944 /* ListViewController.m in Sources */,
				00BFAAF412206C1100785944 /* LocationViewController.m in Sources */,
				00BE2D09122077B600F3CBA0 /* SettingsViewController.m in Sources */,
				0049EE621220842E00698B53 /* Recipient.m in Sources */,
				00EEE5F612208C9300F722F7 /* AnnotationListObject.m in Sources */,
				00EEE5F712208C9300F722F7 /* AwardData.m in Sources */,
				00EEE5F812208C9300F722F7 /* CurrentLoc.m in Sources */,
				4E71301E12209C19000B44E5 /* OverlayListObjects.m in Sources */,
				4E1DFBE01220C69E000EE50E /* DetailViewCompanyController.m in Sources */,
				0018D4A81221875E00244DE1 /* NSObject+SBJSON.m in Sources */,
				0018D4A91221875E00244DE1 /* NSString+SBJSON.m in Sources */,
				0018D4AA1221875E00244DE1 /* SBJSON.m in Sources */,
				0018D4AB1221875E00244DE1 /* SBJsonBase.m in Sources */,
				0018D4AC1221875E00244DE1 /* SBJsonParser.m in Sources */,
				0018D4AD1221875E00244DE1 /* SBJsonWriter.m in Sources */,
				0018D4EE12218C1B00244DE1 /* TagStripView.m in Sources */,
				0018D4EF12218C1B00244DE1 /* TagView.m in Sources */,
			);
			runOnlyForDeploymentPostprocessing = 0;
		};
/* End PBXSourcesBuildPhase section */

/* Begin XCBuildConfiguration section */
		1D6058940D05DD3E006BFB54 /* Debug */ = {
			isa = XCBuildConfiguration;
			buildSettings = {
				ALWAYS_SEARCH_USER_PATHS = NO;
				COPY_PHASE_STRIP = NO;
				GCC_DYNAMIC_NO_PIC = NO;
				GCC_OPTIMIZATION_LEVEL = 0;
				GCC_PRECOMPILE_PREFIX_HEADER = YES;
				GCC_PREFIX_HEADER = iRecoveryWatch_Prefix.pch;
				INFOPLIST_FILE = "iRecoveryWatch-Info.plist";
				PRODUCT_NAME = iRecoveryWatch;
			};
			name = Debug;
		};
		1D6058950D05DD3E006BFB54 /* Release */ = {
			isa = XCBuildConfiguration;
			buildSettings = {
				ALWAYS_SEARCH_USER_PATHS = NO;
				COPY_PHASE_STRIP = YES;
				GCC_PRECOMPILE_PREFIX_HEADER = YES;
				GCC_PREFIX_HEADER = iRecoveryWatch_Prefix.pch;
				INFOPLIST_FILE = "iRecoveryWatch-Info.plist";
				PRODUCT_NAME = iRecoveryWatch;
				VALIDATE_PRODUCT = YES;
			};
			name = Release;
		};
		C01FCF4F08A954540054247B /* Debug */ = {
			isa = XCBuildConfiguration;
			buildSettings = {
				ARCHS = "$(ARCHS_STANDARD_32_BIT)";
				"CODE_SIGN_IDENTITY[sdk=iphoneos*]" = "iPhone Developer";
				GCC_C_LANGUAGE_STANDARD = c99;
				GCC_WARN_ABOUT_RETURN_TYPE = YES;
				GCC_WARN_UNUSED_VARIABLE = YES;
				PREBINDING = NO;
				SDKROOT = iphoneos4.0;
			};
			name = Debug;
		};
		C01FCF5008A954540054247B /* Release */ = {
			isa = XCBuildConfiguration;
			buildSettings = {
				ARCHS = "$(ARCHS_STANDARD_32_BIT)";
				"CODE_SIGN_IDENTITY[sdk=iphoneos*]" = "iPhone Developer";
				GCC_C_LANGUAGE_STANDARD = c99;
				GCC_WARN_ABOUT_RETURN_TYPE = YES;
				GCC_WARN_UNUSED_VARIABLE = YES;
				OTHER_CFLAGS = "-DNS_BLOCK_ASSERTIONS=1";
				PREBINDING = NO;
				SDKROOT = iphoneos4.0;
			};
			name = Release;
		};
/* End XCBuildConfiguration section */

/* Begin XCConfigurationList section */
		1D6058960D05DD3E006BFB54 /* Build configuration list for PBXNativeTarget "iRecoveryWatch" */ = {
			isa = XCConfigurationList;
			buildConfigurations = (
				1D6058940D05DD3E006BFB54 /* Debug */,
				1D6058950D05DD3E006BFB54 /* Release */,
			);
			defaultConfigurationIsVisible = 0;
			defaultConfigurationName = Release;
		};
		C01FCF4E08A954540054247B /* Build configuration list for PBXProject "iRecoveryWatch" */ = {
			isa = XCConfigurationList;
			buildConfigurations = (
				C01FCF4F08A954540054247B /* Debug */,
				C01FCF5008A954540054247B /* Release */,
			);
			defaultConfigurationIsVisible = 0;
			defaultConfigurationName = Release;
		};
/* End XCConfigurationList section */
	};
	rootObject = 29B97313FDCFA39411CA2CEA /* Project object */;
}
